
Microsoft Visual Studio Solution File, Format Version 12.00
# Visual Studio Version 17
VisualStudioVersion = 17.8.34330.188
MinimumVisualStudioVersion = 10.0.40219.1
Project("{9A19103F-16F7-4668-BE54-9A1E7A4F7556}") = "WinProcessShot", "WinProcessShot\WinProcessShot.csproj", "{978AECFF-268A-4B50-ABBA-300DCA8B1120}"
EndProject
Global
	GlobalSection(SolutionConfigurationPlatforms) = preSolution
		Debug|Any CPU = Debug|Any CPU
		Release|Any CPU = Release|Any CPU
	EndGlobalSection
	GlobalSection(ProjectConfigurationPlatforms) = postSolution
		{978AECFF-268A-4B50-ABBA-300DCA8B1120}.Debug|Any CPU.ActiveCfg = Debug|Any CPU
		{978AECFF-268A-4B50-ABBA-300DCA8B1120}.Debug|Any CPU.Build.0 = Debug|Any CPU
		{978AECFF-268A-4B50-ABBA-300DCA8B1120}.Release|Any CPU.ActiveCfg = Release|Any CPU
		{978AECFF-268A-4B50-ABBA-300DCA8B1120}.Release|Any CPU.Build.0 = Release|Any CPU
	EndGlobalSection
	GlobalSection(SolutionProperties) = preSolution
		HideSolutionNode = FALSE
	EndGlobalSection
	GlobalSection(ExtensibilityGlobals) = postSolution
		SolutionGuid = {3D00E8D2-79D3-44A4-B662-452A5FFDBDAB}
	EndGlobalSection
EndGlobal
